// !$*UTF8*$!
{
	archiveVersion = 1;
	classes = {
	};
	objectVersion = 50;
	objects = {

/* Begin PBXBuildFile section */
		6B04359021377B3300E771B3 /* RangeExpression+Extension.swift in Sources */ = {isa = PBXBuildFile; fileRef = 6B04358E21377B3300E771B3 /* RangeExpression+Extension.swift */; };
		6B04359121377B3300E771B3 /* Collection+Extension.swift in Sources */ = {isa = PBXBuildFile; fileRef = 6B04358F21377B3300E771B3 /* Collection+Extension.swift */; };
		6B04373121386EEE00E771B3 /* QrCode.hpp in Headers */ = {isa = PBXBuildFile; fileRef = 6B04370821386EED00E771B3 /* QrCode.hpp */; };
		6B04373221386EEE00E771B3 /* BitBuffer.hpp in Headers */ = {isa = PBXBuildFile; fileRef = 6B04370921386EED00E771B3 /* BitBuffer.hpp */; };
		6B04373421386EEE00E771B3 /* QrCodeGeneratorWorker.cpp in Sources */ = {isa = PBXBuildFile; fileRef = 6B04370B21386EED00E771B3 /* QrCodeGeneratorWorker.cpp */; };
		6B04373521386EEE00E771B3 /* QrSegment.hpp in Headers */ = {isa = PBXBuildFile; fileRef = 6B04370C21386EED00E771B3 /* QrSegment.hpp */; };
		6B04373621386EEE00E771B3 /* QrSegment.cpp in Sources */ = {isa = PBXBuildFile; fileRef = 6B04370D21386EED00E771B3 /* QrSegment.cpp */; };
		6B04373821386EEE00E771B3 /* QrCode.cpp in Sources */ = {isa = PBXBuildFile; fileRef = 6B04370F21386EED00E771B3 /* QrCode.cpp */; };
		6B04373921386EEE00E771B3 /* BitBuffer.cpp in Sources */ = {isa = PBXBuildFile; fileRef = 6B04371021386EEE00E771B3 /* BitBuffer.cpp */; };
		6B04373E21386EEE00E771B3 /* qrcodegen.h in Headers */ = {isa = PBXBuildFile; fileRef = 6B04371721386EEE00E771B3 /* qrcodegen.h */; };
		6B0437432138708C00E771B3 /* ShapeQRCode.swift in Sources */ = {isa = PBXBuildFile; fileRef = 6B04358D21377AF900E771B3 /* ShapeQRCode.swift */; };
		6B04375321387E3800E771B3 /* QRCode.h in Headers */ = {isa = PBXBuildFile; fileRef = 6B04375121387E3800E771B3 /* QRCode.h */; };
		6B04375421387E3800E771B3 /* QRCode.m in Sources */ = {isa = PBXBuildFile; fileRef = 6B04375221387E3800E771B3 /* QRCode.m */; };
		6B0437552138811400E771B3 /* qrcodegen.c in Sources */ = {isa = PBXBuildFile; fileRef = 6B04371B21386EEE00E771B3 /* qrcodegen.c */; };
		6B2D1AA2213B0C0300D15441 /* Assert.swift in Sources */ = {isa = PBXBuildFile; fileRef = 6B2D1AA0213B0BEB00D15441 /* Assert.swift */; };
		6B2D1AA4213B34CC00D15441 /* ColorMaximumAlphaTests.swift in Sources */ = {isa = PBXBuildFile; fileRef = 6B2D1AA3213B34CC00D15441 /* ColorMaximumAlphaTests.swift */; };
		6B2D1AA7213B353400D15441 /* TestImages.swift in Sources */ = {isa = PBXBuildFile; fileRef = 6B2D1AA5213B351500D15441 /* TestImages.swift */; };
		6B2D1AAB213B53AD00D15441 /* DebugStopwatch.swift in Sources */ = {isa = PBXBuildFile; fileRef = 6B2D1AAA213B53AD00D15441 /* DebugStopwatch.swift */; };
		6B4E24B62138B3B900B5F7A1 /* UIImage+Extension.swift in Sources */ = {isa = PBXBuildFile; fileRef = 6B4E24B52138B3B800B5F7A1 /* UIImage+Extension.swift */; };
		6B4E24B82138BA4000B5F7A1 /* ColorAverageTests.swift in Sources */ = {isa = PBXBuildFile; fileRef = 6B4E24B72138BA4000B5F7A1 /* ColorAverageTests.swift */; };
		6B4E24BB2138BF7B00B5F7A1 /* Assets.xcassets in Resources */ = {isa = PBXBuildFile; fileRef = 6B4E24B92138BEE200B5F7A1 /* Assets.xcassets */; };
		6B4E24BE2138C2F400B5F7A1 /* UIColor+Extension.swift in Sources */ = {isa = PBXBuildFile; fileRef = 6B4E24BC2138C28100B5F7A1 /* UIColor+Extension.swift */; };
		6B4E24C02138C96100B5F7A1 /* Images+Extension.swift in Sources */ = {isa = PBXBuildFile; fileRef = 6B4E24BF2138C96100B5F7A1 /* Images+Extension.swift */; };
		6B8528DD2129C4E900DCBD58 /* ShapeQRCode.framework in Frameworks */ = {isa = PBXBuildFile; fileRef = 6B8528D42129C4E800DCBD58 /* ShapeQRCode.framework */; };
		6B8528E62129C4E900DCBD58 /* ShapeQRCode.h in Headers */ = {isa = PBXBuildFile; fileRef = 6B8528D62129C4E800DCBD58 /* ShapeQRCode.h */; settings = {ATTRIBUTES = (Public, ); }; };
		6B8528F72129D71E00DCBD58 /* LICENSE in Resources */ = {isa = PBXBuildFile; fileRef = 6B8528F62129D71E00DCBD58 /* LICENSE */; };
		6B8528F92129D77300DCBD58 /* ShapeQRCode.podspec in Resources */ = {isa = PBXBuildFile; fileRef = 6B8528F82129D77300DCBD58 /* ShapeQRCode.podspec */; };
/* End PBXBuildFile section */

/* Begin PBXContainerItemProxy section */
		6B8528DE2129C4E900DCBD58 /* PBXContainerItemProxy */ = {
			isa = PBXContainerItemProxy;
			containerPortal = 6B85288B2129BBA400DCBD58 /* Project object */;
			proxyType = 1;
			remoteGlobalIDString = 6B8528D32129C4E800DCBD58;
			remoteInfo = "ShapeQRCode iOS";
		};
/* End PBXContainerItemProxy section */

/* Begin PBXFileReference section */
		6B04358D21377AF900E771B3 /* ShapeQRCode.swift */ = {isa = PBXFileReference; lastKnownFileType = sourcecode.swift; path = ShapeQRCode.swift; sourceTree = "<group>"; };
		6B04358E21377B3300E771B3 /* RangeExpression+Extension.swift */ = {isa = PBXFileReference; fileEncoding = 4; lastKnownFileType = sourcecode.swift; path = "RangeExpression+Extension.swift"; sourceTree = "<group>"; };
		6B04358F21377B3300E771B3 /* Collection+Extension.swift */ = {isa = PBXFileReference; fileEncoding = 4; lastKnownFileType = sourcecode.swift; path = "Collection+Extension.swift"; sourceTree = "<group>"; };
		6B0436E721386E5F00E771B3 /* module.modulemap */ = {isa = PBXFileReference; lastKnownFileType = "sourcecode.module-map"; path = module.modulemap; sourceTree = "<group>"; };
		6B0436EA21386EED00E771B3 /* qrcodegen-batch-test.py */ = {isa = PBXFileReference; fileEncoding = 4; lastKnownFileType = text.script.python; path = "qrcodegen-batch-test.py"; sourceTree = "<group>"; };
		6B0436EB21386EED00E771B3 /* qrcodegen-worker.py */ = {isa = PBXFileReference; fileEncoding = 4; lastKnownFileType = text.script.python; path = "qrcodegen-worker.py"; sourceTree = "<group>"; };
		6B0436EC21386EED00E771B3 /* qrcodegen-demo.py */ = {isa = PBXFileReference; fileEncoding = 4; lastKnownFileType = text.script.python; path = "qrcodegen-demo.py"; sourceTree = "<group>"; };
		6B0436ED21386EED00E771B3 /* setup.py */ = {isa = PBXFileReference; fileEncoding = 4; lastKnownFileType = text.script.python; path = setup.py; sourceTree = "<group>"; };
		6B0436EE21386EED00E771B3 /* qrcodegen.py */ = {isa = PBXFileReference; fileEncoding = 4; lastKnownFileType = text.script.python; path = qrcodegen.py; sourceTree = "<group>"; };
		6B0436EF21386EED00E771B3 /* setup.cfg */ = {isa = PBXFileReference; fileEncoding = 4; lastKnownFileType = text; path = setup.cfg; sourceTree = "<group>"; };
		6B0436F121386EED00E771B3 /* qrcodegen.ts */ = {isa = PBXFileReference; fileEncoding = 4; lastKnownFileType = text; path = qrcodegen.ts; sourceTree = "<group>"; };
		6B0436F221386EED00E771B3 /* qrcodegen-demo.ts */ = {isa = PBXFileReference; fileEncoding = 4; lastKnownFileType = text; path = "qrcodegen-demo.ts"; sourceTree = "<group>"; };
		6B0436F321386EED00E771B3 /* qrcodegen-js-demo.html */ = {isa = PBXFileReference; fileEncoding = 4; lastKnownFileType = text.html; path = "qrcodegen-js-demo.html"; sourceTree = "<group>"; };
		6B0436F521386EED00E771B3 /* Cargo.toml */ = {isa = PBXFileReference; fileEncoding = 4; lastKnownFileType = text; path = Cargo.toml; sourceTree = "<group>"; };
		6B0436F621386EED00E771B3 /* Readme.markdown */ = {isa = PBXFileReference; fileEncoding = 4; lastKnownFileType = net.daringfireball.markdown; path = Readme.markdown; sourceTree = "<group>"; };
		6B0436F821386EED00E771B3 /* qrcodegen-worker.rs */ = {isa = PBXFileReference; fileEncoding = 4; lastKnownFileType = text; path = "qrcodegen-worker.rs"; sourceTree = "<group>"; };
		6B0436F921386EED00E771B3 /* qrcodegen-demo.rs */ = {isa = PBXFileReference; fileEncoding = 4; lastKnownFileType = text; path = "qrcodegen-demo.rs"; sourceTree = "<group>"; };
		6B0436FB21386EED00E771B3 /* lib.rs */ = {isa = PBXFileReference; fileEncoding = 4; lastKnownFileType = text; path = lib.rs; sourceTree = "<group>"; };
		6B04370021386EED00E771B3 /* QrCode.java */ = {isa = PBXFileReference; fileEncoding = 4; lastKnownFileType = sourcecode.java; path = QrCode.java; sourceTree = "<group>"; };
		6B04370121386EED00E771B3 /* QrCodeGeneratorWorker.java */ = {isa = PBXFileReference; fileEncoding = 4; lastKnownFileType = sourcecode.java; path = QrCodeGeneratorWorker.java; sourceTree = "<group>"; };
		6B04370221386EED00E771B3 /* QrSegment.java */ = {isa = PBXFileReference; fileEncoding = 4; lastKnownFileType = sourcecode.java; path = QrSegment.java; sourceTree = "<group>"; };
		6B04370321386EED00E771B3 /* QrSegmentAdvanced.java */ = {isa = PBXFileReference; fileEncoding = 4; lastKnownFileType = sourcecode.java; path = QrSegmentAdvanced.java; sourceTree = "<group>"; };
		6B04370421386EED00E771B3 /* QrCodeGeneratorDemo.java */ = {isa = PBXFileReference; fileEncoding = 4; lastKnownFileType = sourcecode.java; path = QrCodeGeneratorDemo.java; sourceTree = "<group>"; };
		6B04370521386EED00E771B3 /* BitBuffer.java */ = {isa = PBXFileReference; fileEncoding = 4; lastKnownFileType = sourcecode.java; path = BitBuffer.java; sourceTree = "<group>"; };
		6B04370621386EED00E771B3 /* Readme.markdown */ = {isa = PBXFileReference; fileEncoding = 4; lastKnownFileType = net.daringfireball.markdown; path = Readme.markdown; sourceTree = "<group>"; };
		6B04370821386EED00E771B3 /* QrCode.hpp */ = {isa = PBXFileReference; fileEncoding = 4; lastKnownFileType = sourcecode.cpp.h; path = QrCode.hpp; sourceTree = "<group>"; };
		6B04370921386EED00E771B3 /* BitBuffer.hpp */ = {isa = PBXFileReference; fileEncoding = 4; lastKnownFileType = sourcecode.cpp.h; path = BitBuffer.hpp; sourceTree = "<group>"; };
		6B04370A21386EED00E771B3 /* Makefile */ = {isa = PBXFileReference; fileEncoding = 4; lastKnownFileType = sourcecode.make; path = Makefile; sourceTree = "<group>"; };
		6B04370B21386EED00E771B3 /* QrCodeGeneratorWorker.cpp */ = {isa = PBXFileReference; fileEncoding = 4; lastKnownFileType = sourcecode.cpp.cpp; path = QrCodeGeneratorWorker.cpp; sourceTree = "<group>"; };
		6B04370C21386EED00E771B3 /* QrSegment.hpp */ = {isa = PBXFileReference; fileEncoding = 4; lastKnownFileType = sourcecode.cpp.h; path = QrSegment.hpp; sourceTree = "<group>"; };
		6B04370D21386EED00E771B3 /* QrSegment.cpp */ = {isa = PBXFileReference; fileEncoding = 4; lastKnownFileType = sourcecode.cpp.cpp; path = QrSegment.cpp; sourceTree = "<group>"; };
		6B04370E21386EED00E771B3 /* QrCodeGeneratorDemo.cpp */ = {isa = PBXFileReference; fileEncoding = 4; lastKnownFileType = sourcecode.cpp.cpp; path = QrCodeGeneratorDemo.cpp; sourceTree = "<group>"; };
		6B04370F21386EED00E771B3 /* QrCode.cpp */ = {isa = PBXFileReference; fileEncoding = 4; lastKnownFileType = sourcecode.cpp.cpp; path = QrCode.cpp; sourceTree = "<group>"; };
		6B04371021386EEE00E771B3 /* BitBuffer.cpp */ = {isa = PBXFileReference; fileEncoding = 4; lastKnownFileType = sourcecode.cpp.cpp; path = BitBuffer.cpp; sourceTree = "<group>"; };
		6B04371221386EEE00E771B3 /* qrcodegen.js */ = {isa = PBXFileReference; fileEncoding = 4; lastKnownFileType = sourcecode.javascript; path = qrcodegen.js; sourceTree = "<group>"; };
		6B04371321386EEE00E771B3 /* qrcodegen-demo.js */ = {isa = PBXFileReference; fileEncoding = 4; lastKnownFileType = sourcecode.javascript; path = "qrcodegen-demo.js"; sourceTree = "<group>"; };
		6B04371421386EEE00E771B3 /* qrcodegen-js-demo.html */ = {isa = PBXFileReference; fileEncoding = 4; lastKnownFileType = text.html; path = "qrcodegen-js-demo.html"; sourceTree = "<group>"; };
		6B04371621386EEE00E771B3 /* Makefile */ = {isa = PBXFileReference; fileEncoding = 4; lastKnownFileType = sourcecode.make; path = Makefile; sourceTree = "<group>"; };
		6B04371721386EEE00E771B3 /* qrcodegen.h */ = {isa = PBXFileReference; fileEncoding = 4; lastKnownFileType = sourcecode.c.h; path = qrcodegen.h; sourceTree = "<group>"; };
		6B04371821386EEE00E771B3 /* qrcodegen-worker.c */ = {isa = PBXFileReference; fileEncoding = 4; lastKnownFileType = sourcecode.c.c; path = "qrcodegen-worker.c"; sourceTree = "<group>"; };
		6B04371921386EEE00E771B3 /* qrcodegen-demo.c */ = {isa = PBXFileReference; fileEncoding = 4; lastKnownFileType = sourcecode.c.c; path = "qrcodegen-demo.c"; sourceTree = "<group>"; };
		6B04371A21386EEE00E771B3 /* qrcodegen-test.c */ = {isa = PBXFileReference; fileEncoding = 4; lastKnownFileType = sourcecode.c.c; path = "qrcodegen-test.c"; sourceTree = "<group>"; };
		6B04371B21386EEE00E771B3 /* qrcodegen.c */ = {isa = PBXFileReference; fileEncoding = 4; lastKnownFileType = sourcecode.c.c; path = qrcodegen.c; sourceTree = "<group>"; };
		6B04375121387E3800E771B3 /* QRCode.h */ = {isa = PBXFileReference; lastKnownFileType = sourcecode.c.h; path = QRCode.h; sourceTree = "<group>"; };
		6B04375221387E3800E771B3 /* QRCode.m */ = {isa = PBXFileReference; lastKnownFileType = sourcecode.c.objc; path = QRCode.m; sourceTree = "<group>"; };
		6B2D1AA0213B0BEB00D15441 /* Assert.swift */ = {isa = PBXFileReference; lastKnownFileType = sourcecode.swift; path = Assert.swift; sourceTree = "<group>"; };
		6B2D1AA3213B34CC00D15441 /* ColorMaximumAlphaTests.swift */ = {isa = PBXFileReference; lastKnownFileType = sourcecode.swift; path = ColorMaximumAlphaTests.swift; sourceTree = "<group>"; };
		6B2D1AA5213B351500D15441 /* TestImages.swift */ = {isa = PBXFileReference; lastKnownFileType = sourcecode.swift; path = TestImages.swift; sourceTree = "<group>"; };
		6B2D1AAA213B53AD00D15441 /* DebugStopwatch.swift */ = {isa = PBXFileReference; lastKnownFileType = sourcecode.swift; path = DebugStopwatch.swift; sourceTree = "<group>"; };
		6B4E24B52138B3B800B5F7A1 /* UIImage+Extension.swift */ = {isa = PBXFileReference; lastKnownFileType = sourcecode.swift; path = "UIImage+Extension.swift"; sourceTree = "<group>"; };
		6B4E24B72138BA4000B5F7A1 /* ColorAverageTests.swift */ = {isa = PBXFileReference; lastKnownFileType = sourcecode.swift; path = ColorAverageTests.swift; sourceTree = "<group>"; };
		6B4E24B92138BEE200B5F7A1 /* Assets.xcassets */ = {isa = PBXFileReference; lastKnownFileType = folder.assetcatalog; path = Assets.xcassets; sourceTree = "<group>"; };
		6B4E24BC2138C28100B5F7A1 /* UIColor+Extension.swift */ = {isa = PBXFileReference; lastKnownFileType = sourcecode.swift; path = "UIColor+Extension.swift"; sourceTree = "<group>"; };
		6B4E24BF2138C96100B5F7A1 /* Images+Extension.swift */ = {isa = PBXFileReference; lastKnownFileType = sourcecode.swift; path = "Images+Extension.swift"; sourceTree = "<group>"; };
		6B8528D42129C4E800DCBD58 /* ShapeQRCode.framework */ = {isa = PBXFileReference; explicitFileType = wrapper.framework; includeInIndex = 0; path = ShapeQRCode.framework; sourceTree = BUILT_PRODUCTS_DIR; };
		6B8528D62129C4E800DCBD58 /* ShapeQRCode.h */ = {isa = PBXFileReference; lastKnownFileType = sourcecode.c.h; path = ShapeQRCode.h; sourceTree = "<group>"; };
		6B8528D72129C4E800DCBD58 /* Info.plist */ = {isa = PBXFileReference; lastKnownFileType = text.plist.xml; path = Info.plist; sourceTree = "<group>"; };
		6B8528DC2129C4E800DCBD58 /* ShapeQRCode iOSTests.xctest */ = {isa = PBXFileReference; explicitFileType = wrapper.cfbundle; includeInIndex = 0; path = "ShapeQRCode iOSTests.xctest"; sourceTree = BUILT_PRODUCTS_DIR; };
		6B8528E52129C4E900DCBD58 /* Info.plist */ = {isa = PBXFileReference; lastKnownFileType = text.plist.xml; name = Info.plist; path = ../Tests/Info.plist; sourceTree = "<group>"; };
		6B8528F52129D6F300DCBD58 /* README.md */ = {isa = PBXFileReference; lastKnownFileType = net.daringfireball.markdown; path = README.md; sourceTree = "<group>"; };
		6B8528F62129D71E00DCBD58 /* LICENSE */ = {isa = PBXFileReference; lastKnownFileType = text; path = LICENSE; sourceTree = "<group>"; };
		6B8528F82129D77300DCBD58 /* ShapeQRCode.podspec */ = {isa = PBXFileReference; lastKnownFileType = text; path = ShapeQRCode.podspec; sourceTree = "<group>"; };
/* End PBXFileReference section */

/* Begin PBXFrameworksBuildPhase section */
		6B8528D12129C4E800DCBD58 /* Frameworks */ = {
			isa = PBXFrameworksBuildPhase;
			buildActionMask = 2147483647;
			files = (
			);
			runOnlyForDeploymentPostprocessing = 0;
		};
		6B8528D92129C4E800DCBD58 /* Frameworks */ = {
			isa = PBXFrameworksBuildPhase;
			buildActionMask = 2147483647;
			files = (
				6B8528DD2129C4E900DCBD58 /* ShapeQRCode.framework in Frameworks */,
			);
			runOnlyForDeploymentPostprocessing = 0;
		};
/* End PBXFrameworksBuildPhase section */

/* Begin PBXGroup section */
		6B0436E821386EED00E771B3 /* nayuki-QR-Code-Generator */ = {
			isa = PBXGroup;
			children = (
				6B0436E921386EED00E771B3 /* python */,
				6B0436F021386EED00E771B3 /* typescript */,
				6B0436F421386EED00E771B3 /* rust */,
				6B0436FC21386EED00E771B3 /* java */,
				6B04370621386EED00E771B3 /* Readme.markdown */,
				6B04370721386EED00E771B3 /* cpp */,
				6B04371121386EEE00E771B3 /* javascript */,
				6B04371521386EEE00E771B3 /* c */,
			);
			path = "nayuki-QR-Code-Generator";
			sourceTree = "<group>";
		};
		6B0436E921386EED00E771B3 /* python */ = {
			isa = PBXGroup;
			children = (
				6B0436EA21386EED00E771B3 /* qrcodegen-batch-test.py */,
				6B0436EB21386EED00E771B3 /* qrcodegen-worker.py */,
				6B0436EC21386EED00E771B3 /* qrcodegen-demo.py */,
				6B0436ED21386EED00E771B3 /* setup.py */,
				6B0436EE21386EED00E771B3 /* qrcodegen.py */,
				6B0436EF21386EED00E771B3 /* setup.cfg */,
			);
			path = python;
			sourceTree = "<group>";
		};
		6B0436F021386EED00E771B3 /* typescript */ = {
			isa = PBXGroup;
			children = (
				6B0436F121386EED00E771B3 /* qrcodegen.ts */,
				6B0436F221386EED00E771B3 /* qrcodegen-demo.ts */,
				6B0436F321386EED00E771B3 /* qrcodegen-js-demo.html */,
			);
			path = typescript;
			sourceTree = "<group>";
		};
		6B0436F421386EED00E771B3 /* rust */ = {
			isa = PBXGroup;
			children = (
				6B0436F521386EED00E771B3 /* Cargo.toml */,
				6B0436F621386EED00E771B3 /* Readme.markdown */,
				6B0436F721386EED00E771B3 /* examples */,
				6B0436FA21386EED00E771B3 /* src */,
			);
			path = rust;
			sourceTree = "<group>";
		};
		6B0436F721386EED00E771B3 /* examples */ = {
			isa = PBXGroup;
			children = (
				6B0436F821386EED00E771B3 /* qrcodegen-worker.rs */,
				6B0436F921386EED00E771B3 /* qrcodegen-demo.rs */,
			);
			path = examples;
			sourceTree = "<group>";
		};
		6B0436FA21386EED00E771B3 /* src */ = {
			isa = PBXGroup;
			children = (
				6B0436FB21386EED00E771B3 /* lib.rs */,
			);
			path = src;
			sourceTree = "<group>";
		};
		6B0436FC21386EED00E771B3 /* java */ = {
			isa = PBXGroup;
			children = (
				6B0436FD21386EED00E771B3 /* io */,
			);
			path = java;
			sourceTree = "<group>";
		};
		6B0436FD21386EED00E771B3 /* io */ = {
			isa = PBXGroup;
			children = (
				6B0436FE21386EED00E771B3 /* nayuki */,
			);
			path = io;
			sourceTree = "<group>";
		};
		6B0436FE21386EED00E771B3 /* nayuki */ = {
			isa = PBXGroup;
			children = (
				6B0436FF21386EED00E771B3 /* qrcodegen */,
			);
			path = nayuki;
			sourceTree = "<group>";
		};
		6B0436FF21386EED00E771B3 /* qrcodegen */ = {
			isa = PBXGroup;
			children = (
				6B04370021386EED00E771B3 /* QrCode.java */,
				6B04370121386EED00E771B3 /* QrCodeGeneratorWorker.java */,
				6B04370221386EED00E771B3 /* QrSegment.java */,
				6B04370321386EED00E771B3 /* QrSegmentAdvanced.java */,
				6B04370421386EED00E771B3 /* QrCodeGeneratorDemo.java */,
				6B04370521386EED00E771B3 /* BitBuffer.java */,
			);
			path = qrcodegen;
			sourceTree = "<group>";
		};
		6B04370721386EED00E771B3 /* cpp */ = {
			isa = PBXGroup;
			children = (
				6B04370821386EED00E771B3 /* QrCode.hpp */,
				6B04370921386EED00E771B3 /* BitBuffer.hpp */,
				6B04370A21386EED00E771B3 /* Makefile */,
				6B04370B21386EED00E771B3 /* QrCodeGeneratorWorker.cpp */,
				6B04370C21386EED00E771B3 /* QrSegment.hpp */,
				6B04370D21386EED00E771B3 /* QrSegment.cpp */,
				6B04370E21386EED00E771B3 /* QrCodeGeneratorDemo.cpp */,
				6B04370F21386EED00E771B3 /* QrCode.cpp */,
				6B04371021386EEE00E771B3 /* BitBuffer.cpp */,
			);
			path = cpp;
			sourceTree = "<group>";
		};
		6B04371121386EEE00E771B3 /* javascript */ = {
			isa = PBXGroup;
			children = (
				6B04371221386EEE00E771B3 /* qrcodegen.js */,
				6B04371321386EEE00E771B3 /* qrcodegen-demo.js */,
				6B04371421386EEE00E771B3 /* qrcodegen-js-demo.html */,
			);
			path = javascript;
			sourceTree = "<group>";
		};
		6B04371521386EEE00E771B3 /* c */ = {
			isa = PBXGroup;
			children = (
				6B04371621386EEE00E771B3 /* Makefile */,
				6B04371721386EEE00E771B3 /* qrcodegen.h */,
				6B04371821386EEE00E771B3 /* qrcodegen-worker.c */,
				6B04371921386EEE00E771B3 /* qrcodegen-demo.c */,
				6B04371A21386EEE00E771B3 /* qrcodegen-test.c */,
				6B04371B21386EEE00E771B3 /* qrcodegen.c */,
			);
			path = c;
			sourceTree = "<group>";
		};
		6B85288A2129BBA400DCBD58 = {
			isa = PBXGroup;
			children = (
				6B0436E721386E5F00E771B3 /* module.modulemap */,
				6B0436E821386EED00E771B3 /* nayuki-QR-Code-Generator */,
				6B8528F32129D6A100DCBD58 /* Deployment */,
				6B8528F42129D6A700DCBD58 /* Documentation */,
				6B8528D52129C4E800DCBD58 /* Source */,
				6B8528E22129C4E900DCBD58 /* Tests */,
				6B8528942129BBA400DCBD58 /* Products */,
			);
			sourceTree = "<group>";
		};
		6B8528942129BBA400DCBD58 /* Products */ = {
			isa = PBXGroup;
			children = (
				6B8528D42129C4E800DCBD58 /* ShapeQRCode.framework */,
				6B8528DC2129C4E800DCBD58 /* ShapeQRCode iOSTests.xctest */,
			);
			name = Products;
			sourceTree = "<group>";
		};
		6B8528D52129C4E800DCBD58 /* Source */ = {
			isa = PBXGroup;
			children = (
				6B04375121387E3800E771B3 /* QRCode.h */,
				6B04375221387E3800E771B3 /* QRCode.m */,
				6B04358D21377AF900E771B3 /* ShapeQRCode.swift */,
				6B04358F21377B3300E771B3 /* Collection+Extension.swift */,
				6B04358E21377B3300E771B3 /* RangeExpression+Extension.swift */,
				6B4E24B52138B3B800B5F7A1 /* UIImage+Extension.swift */,
				6B4E24BF2138C96100B5F7A1 /* Images+Extension.swift */,
				6B2D1AAA213B53AD00D15441 /* DebugStopwatch.swift */,
				6B8528F22129D3D000DCBD58 /* Supporting Files */,
			);
			path = Source;
			sourceTree = "<group>";
		};
		6B8528E22129C4E900DCBD58 /* Tests */ = {
			isa = PBXGroup;
			children = (
				6B2D1AA0213B0BEB00D15441 /* Assert.swift */,
				6B2D1AA5213B351500D15441 /* TestImages.swift */,
				6B4E24B72138BA4000B5F7A1 /* ColorAverageTests.swift */,
				6B2D1AA3213B34CC00D15441 /* ColorMaximumAlphaTests.swift */,
				6B4E24B92138BEE200B5F7A1 /* Assets.xcassets */,
				6B4E24BC2138C28100B5F7A1 /* UIColor+Extension.swift */,
				6B8528E52129C4E900DCBD58 /* Info.plist */,
			);
			path = Tests;
			sourceTree = "<group>";
		};
		6B8528F22129D3D000DCBD58 /* Supporting Files */ = {
			isa = PBXGroup;
			children = (
				6B8528D62129C4E800DCBD58 /* ShapeQRCode.h */,
				6B8528D72129C4E800DCBD58 /* Info.plist */,
			);
			name = "Supporting Files";
			sourceTree = "<group>";
		};
		6B8528F32129D6A100DCBD58 /* Deployment */ = {
			isa = PBXGroup;
			children = (
				6B8528F62129D71E00DCBD58 /* LICENSE */,
				6B8528F82129D77300DCBD58 /* ShapeQRCode.podspec */,
			);
			name = Deployment;
			sourceTree = "<group>";
		};
		6B8528F42129D6A700DCBD58 /* Documentation */ = {
			isa = PBXGroup;
			children = (
				6B8528F52129D6F300DCBD58 /* README.md */,
			);
			name = Documentation;
			sourceTree = "<group>";
		};
/* End PBXGroup section */

/* Begin PBXHeadersBuildPhase section */
		6B8528CF2129C4E800DCBD58 /* Headers */ = {
			isa = PBXHeadersBuildPhase;
			buildActionMask = 2147483647;
			files = (
				6B04375321387E3800E771B3 /* QRCode.h in Headers */,
				6B04373121386EEE00E771B3 /* QrCode.hpp in Headers */,
				6B04373521386EEE00E771B3 /* QrSegment.hpp in Headers */,
				6B04373221386EEE00E771B3 /* BitBuffer.hpp in Headers */,
				6B8528E62129C4E900DCBD58 /* ShapeQRCode.h in Headers */,
				6B04373E21386EEE00E771B3 /* qrcodegen.h in Headers */,
			);
			runOnlyForDeploymentPostprocessing = 0;
		};
/* End PBXHeadersBuildPhase section */

/* Begin PBXNativeTarget section */
		6B8528D32129C4E800DCBD58 /* ShapeQRCode iOS */ = {
			isa = PBXNativeTarget;
			buildConfigurationList = 6B8528EB2129C4E900DCBD58 /* Build configuration list for PBXNativeTarget "ShapeQRCode iOS" */;
			buildPhases = (
				6B8528CF2129C4E800DCBD58 /* Headers */,
				6B8528D02129C4E800DCBD58 /* Sources */,
				6B8528D12129C4E800DCBD58 /* Frameworks */,
				6B8528D22129C4E800DCBD58 /* Resources */,
			);
			buildRules = (
			);
			dependencies = (
			);
			name = "ShapeQRCode iOS";
			productName = "ShapeQRCode iOS";
			productReference = 6B8528D42129C4E800DCBD58 /* ShapeQRCode.framework */;
			productType = "com.apple.product-type.framework";
		};
		6B8528DB2129C4E800DCBD58 /* ShapeQRCode iOSTests */ = {
			isa = PBXNativeTarget;
			buildConfigurationList = 6B8528EF2129C4E900DCBD58 /* Build configuration list for PBXNativeTarget "ShapeQRCode iOSTests" */;
			buildPhases = (
				6B8528D82129C4E800DCBD58 /* Sources */,
				6B8528D92129C4E800DCBD58 /* Frameworks */,
				6B8528DA2129C4E800DCBD58 /* Resources */,
			);
			buildRules = (
			);
			dependencies = (
				6B8528DF2129C4E900DCBD58 /* PBXTargetDependency */,
			);
			name = "ShapeQRCode iOSTests";
			productName = "ShapeQRCode iOSTests";
			productReference = 6B8528DC2129C4E800DCBD58 /* ShapeQRCode iOSTests.xctest */;
			productType = "com.apple.product-type.bundle.unit-test";
		};
/* End PBXNativeTarget section */

/* Begin PBXProject section */
		6B85288B2129BBA400DCBD58 /* Project object */ = {
			isa = PBXProject;
			attributes = {
				LastSwiftUpdateCheck = 1000;
				LastUpgradeCheck = 1000;
				ORGANIZATIONNAME = "Gero Embser";
				TargetAttributes = {
					6B8528D32129C4E800DCBD58 = {
						CreatedOnToolsVersion = 10.0;
						LastSwiftMigration = 1000;
					};
					6B8528DB2129C4E800DCBD58 = {
						CreatedOnToolsVersion = 10.0;
					};
				};
			};
			buildConfigurationList = 6B85288E2129BBA400DCBD58 /* Build configuration list for PBXProject "ShapeQRCode" */;
			compatibilityVersion = "Xcode 9.3";
			developmentRegion = en;
			hasScannedForEncodings = 0;
			knownRegions = (
				en,
				Base,
			);
			mainGroup = 6B85288A2129BBA400DCBD58;
			productRefGroup = 6B8528942129BBA400DCBD58 /* Products */;
			projectDirPath = "";
			projectRoot = "";
			targets = (
				6B8528D32129C4E800DCBD58 /* ShapeQRCode iOS */,
				6B8528DB2129C4E800DCBD58 /* ShapeQRCode iOSTests */,
			);
		};
/* End PBXProject section */

/* Begin PBXResourcesBuildPhase section */
		6B8528D22129C4E800DCBD58 /* Resources */ = {
			isa = PBXResourcesBuildPhase;
			buildActionMask = 2147483647;
			files = (
				6B8528F92129D77300DCBD58 /* ShapeQRCode.podspec in Resources */,
				6B8528F72129D71E00DCBD58 /* LICENSE in Resources */,
			);
			runOnlyForDeploymentPostprocessing = 0;
		};
		6B8528DA2129C4E800DCBD58 /* Resources */ = {
			isa = PBXResourcesBuildPhase;
			buildActionMask = 2147483647;
			files = (
				6B4E24BB2138BF7B00B5F7A1 /* Assets.xcassets in Resources */,
			);
			runOnlyForDeploymentPostprocessing = 0;
		};
/* End PBXResourcesBuildPhase section */

/* Begin PBXSourcesBuildPhase section */
		6B8528D02129C4E800DCBD58 /* Sources */ = {
			isa = PBXSourcesBuildPhase;
			buildActionMask = 2147483647;
			files = (
				6B0437432138708C00E771B3 /* ShapeQRCode.swift in Sources */,
				6B04373421386EEE00E771B3 /* QrCodeGeneratorWorker.cpp in Sources */,
				6B04373921386EEE00E771B3 /* BitBuffer.cpp in Sources */,
				6B2D1AAB213B53AD00D15441 /* DebugStopwatch.swift in Sources */,
				6B04359021377B3300E771B3 /* RangeExpression+Extension.swift in Sources */,
				6B04373621386EEE00E771B3 /* QrSegment.cpp in Sources */,
				6B04359121377B3300E771B3 /* Collection+Extension.swift in Sources */,
				6B4E24C02138C96100B5F7A1 /* Images+Extension.swift in Sources */,
				6B0437552138811400E771B3 /* qrcodegen.c in Sources */,
				6B4E24B62138B3B900B5F7A1 /* UIImage+Extension.swift in Sources */,
				6B04375421387E3800E771B3 /* QRCode.m in Sources */,
				6B04373821386EEE00E771B3 /* QrCode.cpp in Sources */,
			);
			runOnlyForDeploymentPostprocessing = 0;
		};
		6B8528D82129C4E800DCBD58 /* Sources */ = {
			isa = PBXSourcesBuildPhase;
			buildActionMask = 2147483647;
			files = (
				6B2D1AA4213B34CC00D15441 /* ColorMaximumAlphaTests.swift in Sources */,
				6B2D1AA7213B353400D15441 /* TestImages.swift in Sources */,
				6B4E24BE2138C2F400B5F7A1 /* UIColor+Extension.swift in Sources */,
				6B2D1AA2213B0C0300D15441 /* Assert.swift in Sources */,
				6B4E24B82138BA4000B5F7A1 /* ColorAverageTests.swift in Sources */,
			);
			runOnlyForDeploymentPostprocessing = 0;
		};
/* End PBXSourcesBuildPhase section */

/* Begin PBXTargetDependency section */
		6B8528DF2129C4E900DCBD58 /* PBXTargetDependency */ = {
			isa = PBXTargetDependency;
			target = 6B8528D32129C4E800DCBD58 /* ShapeQRCode iOS */;
			targetProxy = 6B8528DE2129C4E900DCBD58 /* PBXContainerItemProxy */;
		};
/* End PBXTargetDependency section */

/* Begin XCBuildConfiguration section */
		6B8528B92129BBA600DCBD58 /* Debug */ = {
			isa = XCBuildConfiguration;
			buildSettings = {
				ALWAYS_SEARCH_USER_PATHS = NO;
				CLANG_ANALYZER_NONNULL = YES;
				CLANG_ANALYZER_NUMBER_OBJECT_CONVERSION = YES_AGGRESSIVE;
				CLANG_CXX_LANGUAGE_STANDARD = "gnu++14";
				CLANG_CXX_LIBRARY = "libc++";
				CLANG_ENABLE_MODULES = YES;
				CLANG_ENABLE_OBJC_ARC = YES;
				CLANG_ENABLE_OBJC_WEAK = YES;
				CLANG_WARN_BLOCK_CAPTURE_AUTORELEASING = YES;
				CLANG_WARN_BOOL_CONVERSION = YES;
				CLANG_WARN_COMMA = YES;
				CLANG_WARN_CONSTANT_CONVERSION = YES;
				CLANG_WARN_DEPRECATED_OBJC_IMPLEMENTATIONS = YES;
				CLANG_WARN_DIRECT_OBJC_ISA_USAGE = YES_ERROR;
				CLANG_WARN_DOCUMENTATION_COMMENTS = YES;
				CLANG_WARN_EMPTY_BODY = YES;
				CLANG_WARN_ENUM_CONVERSION = YES;
				CLANG_WARN_INFINITE_RECURSION = YES;
				CLANG_WARN_INT_CONVERSION = YES;
				CLANG_WARN_NON_LITERAL_NULL_CONVERSION = YES;
				CLANG_WARN_OBJC_IMPLICIT_RETAIN_SELF = YES;
				CLANG_WARN_OBJC_LITERAL_CONVERSION = YES;
				CLANG_WARN_OBJC_ROOT_CLASS = YES_ERROR;
				CLANG_WARN_RANGE_LOOP_ANALYSIS = YES;
				CLANG_WARN_STRICT_PROTOTYPES = YES;
				CLANG_WARN_SUSPICIOUS_MOVE = YES;
				CLANG_WARN_UNGUARDED_AVAILABILITY = YES_AGGRESSIVE;
				CLANG_WARN_UNREACHABLE_CODE = YES;
				CLANG_WARN__DUPLICATE_METHOD_MATCH = YES;
				CODE_SIGN_IDENTITY = "iPhone Developer";
				COPY_PHASE_STRIP = NO;
				DEBUG_INFORMATION_FORMAT = dwarf;
				ENABLE_STRICT_OBJC_MSGSEND = YES;
				ENABLE_TESTABILITY = YES;
				GCC_C_LANGUAGE_STANDARD = gnu11;
				GCC_DYNAMIC_NO_PIC = NO;
				GCC_NO_COMMON_BLOCKS = YES;
				GCC_OPTIMIZATION_LEVEL = 0;
				GCC_PREPROCESSOR_DEFINITIONS = (
					"DEBUG=1",
					"$(inherited)",
				);
				GCC_WARN_64_TO_32_BIT_CONVERSION = YES;
				GCC_WARN_ABOUT_RETURN_TYPE = YES_ERROR;
				GCC_WARN_UNDECLARED_SELECTOR = YES;
				GCC_WARN_UNINITIALIZED_AUTOS = YES_AGGRESSIVE;
				GCC_WARN_UNUSED_FUNCTION = YES;
				GCC_WARN_UNUSED_VARIABLE = YES;
				IPHONEOS_DEPLOYMENT_TARGET = 12.0;
				MTL_ENABLE_DEBUG_INFO = INCLUDE_SOURCE;
				MTL_FAST_MATH = YES;
				ONLY_ACTIVE_ARCH = YES;
				SDKROOT = iphoneos;
				SWIFT_ACTIVE_COMPILATION_CONDITIONS = DEBUG;
				SWIFT_OPTIMIZATION_LEVEL = "-Onone";
			};
			name = Debug;
		};
		6B8528BA2129BBA600DCBD58 /* Release */ = {
			isa = XCBuildConfiguration;
			buildSettings = {
				ALWAYS_SEARCH_USER_PATHS = NO;
				CLANG_ANALYZER_NONNULL = YES;
				CLANG_ANALYZER_NUMBER_OBJECT_CONVERSION = YES_AGGRESSIVE;
				CLANG_CXX_LANGUAGE_STANDARD = "gnu++14";
				CLANG_CXX_LIBRARY = "libc++";
				CLANG_ENABLE_MODULES = YES;
				CLANG_ENABLE_OBJC_ARC = YES;
				CLANG_ENABLE_OBJC_WEAK = YES;
				CLANG_WARN_BLOCK_CAPTURE_AUTORELEASING = YES;
				CLANG_WARN_BOOL_CONVERSION = YES;
				CLANG_WARN_COMMA = YES;
				CLANG_WARN_CONSTANT_CONVERSION = YES;
				CLANG_WARN_DEPRECATED_OBJC_IMPLEMENTATIONS = YES;
				CLANG_WARN_DIRECT_OBJC_ISA_USAGE = YES_ERROR;
				CLANG_WARN_DOCUMENTATION_COMMENTS = YES;
				CLANG_WARN_EMPTY_BODY = YES;
				CLANG_WARN_ENUM_CONVERSION = YES;
				CLANG_WARN_INFINITE_RECURSION = YES;
				CLANG_WARN_INT_CONVERSION = YES;
				CLANG_WARN_NON_LITERAL_NULL_CONVERSION = YES;
				CLANG_WARN_OBJC_IMPLICIT_RETAIN_SELF = YES;
				CLANG_WARN_OBJC_LITERAL_CONVERSION = YES;
				CLANG_WARN_OBJC_ROOT_CLASS = YES_ERROR;
				CLANG_WARN_RANGE_LOOP_ANALYSIS = YES;
				CLANG_WARN_STRICT_PROTOTYPES = YES;
				CLANG_WARN_SUSPICIOUS_MOVE = YES;
				CLANG_WARN_UNGUARDED_AVAILABILITY = YES_AGGRESSIVE;
				CLANG_WARN_UNREACHABLE_CODE = YES;
				CLANG_WARN__DUPLICATE_METHOD_MATCH = YES;
				CODE_SIGN_IDENTITY = "iPhone Developer";
				COPY_PHASE_STRIP = NO;
				DEBUG_INFORMATION_FORMAT = "dwarf-with-dsym";
				ENABLE_NS_ASSERTIONS = NO;
				ENABLE_STRICT_OBJC_MSGSEND = YES;
				GCC_C_LANGUAGE_STANDARD = gnu11;
				GCC_NO_COMMON_BLOCKS = YES;
				GCC_WARN_64_TO_32_BIT_CONVERSION = YES;
				GCC_WARN_ABOUT_RETURN_TYPE = YES_ERROR;
				GCC_WARN_UNDECLARED_SELECTOR = YES;
				GCC_WARN_UNINITIALIZED_AUTOS = YES_AGGRESSIVE;
				GCC_WARN_UNUSED_FUNCTION = YES;
				GCC_WARN_UNUSED_VARIABLE = YES;
				IPHONEOS_DEPLOYMENT_TARGET = 12.0;
				MTL_ENABLE_DEBUG_INFO = NO;
				MTL_FAST_MATH = YES;
				SDKROOT = iphoneos;
				SWIFT_COMPILATION_MODE = wholemodule;
				SWIFT_OPTIMIZATION_LEVEL = "-O";
				VALIDATE_PRODUCT = YES;
			};
			name = Release;
		};
		6B8528EC2129C4E900DCBD58 /* Debug */ = {
			isa = XCBuildConfiguration;
			buildSettings = {
				CLANG_CXX_LANGUAGE_STANDARD = "c++0x";
				CLANG_ENABLE_MODULES = YES;
				CODE_SIGN_IDENTITY = "";
				CODE_SIGN_STYLE = Automatic;
				CURRENT_PROJECT_VERSION = 1;
				DEFINES_MODULE = YES;
				DEVELOPMENT_TEAM = "";
				DYLIB_COMPATIBILITY_VERSION = 1;
				DYLIB_CURRENT_VERSION = 1;
				DYLIB_INSTALL_NAME_BASE = "@rpath";
				INFOPLIST_FILE = Source/Info.plist;
				INSTALL_PATH = "$(LOCAL_LIBRARY_DIR)/Frameworks";
				LD_RUNPATH_SEARCH_PATHS = (
					"$(inherited)",
					"@executable_path/Frameworks",
					"@loader_path/Frameworks",
				);
				PRODUCT_BUNDLE_IDENTIFIER = com.geroembser.ShapeQRCode;
				PRODUCT_NAME = ShapeQRCode;
				SKIP_INSTALL = YES;
				SWIFT_INCLUDE_PATHS = "${SRCROOT}/**";
				SWIFT_OPTIMIZATION_LEVEL = "-Onone";
				SWIFT_VERSION = 4.2;
				TARGETED_DEVICE_FAMILY = "1,2";
				VERSIONING_SYSTEM = "apple-generic";
				VERSION_INFO_PREFIX = "";
			};
			name = Debug;
		};
		6B8528ED2129C4E900DCBD58 /* Release */ = {
			isa = XCBuildConfiguration;
			buildSettings = {
				CLANG_CXX_LANGUAGE_STANDARD = "c++0x";
				CLANG_ENABLE_MODULES = YES;
				CODE_SIGN_IDENTITY = "";
				CODE_SIGN_STYLE = Automatic;
				CURRENT_PROJECT_VERSION = 1;
				DEFINES_MODULE = YES;
				DEVELOPMENT_TEAM = "";
				DYLIB_COMPATIBILITY_VERSION = 1;
				DYLIB_CURRENT_VERSION = 1;
				DYLIB_INSTALL_NAME_BASE = "@rpath";
				INFOPLIST_FILE = Source/Info.plist;
				INSTALL_PATH = "$(LOCAL_LIBRARY_DIR)/Frameworks";
				LD_RUNPATH_SEARCH_PATHS = (
					"$(inherited)",
					"@executable_path/Frameworks",
					"@loader_path/Frameworks",
				);
				PRODUCT_BUNDLE_IDENTIFIER = com.geroembser.ShapeQRCode;
				PRODUCT_NAME = ShapeQRCode;
				SKIP_INSTALL = YES;
				SWIFT_INCLUDE_PATHS = "${SRCROOT}/**";
				SWIFT_VERSION = 4.2;
				TARGETED_DEVICE_FAMILY = "1,2";
				VERSIONING_SYSTEM = "apple-generic";
				VERSION_INFO_PREFIX = "";
			};
			name = Release;
		};
		6B8528F02129C4E900DCBD58 /* Debug */ = {
			isa = XCBuildConfiguration;
			buildSettings = {
				ALWAYS_EMBED_SWIFT_STANDARD_LIBRARIES = YES;
				CODE_SIGN_STYLE = Automatic;
				INFOPLIST_FILE = Tests/Info.plist;
				LD_RUNPATH_SEARCH_PATHS = (
					"$(inherited)",
					"@executable_path/Frameworks",
					"@loader_path/Frameworks",
				);
				PRODUCT_BUNDLE_IDENTIFIER = "com.geroembser.ShapeQRCode-iOSTests";
				PRODUCT_NAME = "$(TARGET_NAME)";
				SWIFT_VERSION = 4.2;
				TARGETED_DEVICE_FAMILY = "1,2";
			};
			name = Debug;
		};
		6B8528F12129C4E900DCBD58 /* Release */ = {
			isa = XCBuildConfiguration;
			buildSettings = {
				ALWAYS_EMBED_SWIFT_STANDARD_LIBRARIES = YES;
				CODE_SIGN_STYLE = Automatic;
				INFOPLIST_FILE = Tests/Info.plist;
				LD_RUNPATH_SEARCH_PATHS = (
					"$(inherited)",
					"@executable_path/Frameworks",
					"@loader_path/Frameworks",
				);
				PRODUCT_BUNDLE_IDENTIFIER = "com.geroembser.ShapeQRCode-iOSTests";
				PRODUCT_NAME = "$(TARGET_NAME)";
				SWIFT_VERSION = 4.2;
				TARGETED_DEVICE_FAMILY = "1,2";
			};
			name = Release;
		};
/* End XCBuildConfiguration section */

/* Begin XCConfigurationList section */
		6B85288E2129BBA400DCBD58 /* Build configuration list for PBXProject "ShapeQRCode" */ = {
			isa = XCConfigurationList;
			buildConfigurations = (
				6B8528B92129BBA600DCBD58 /* Debug */,
				6B8528BA2129BBA600DCBD58 /* Release */,
			);
			defaultConfigurationIsVisible = 0;
			defaultConfigurationName = Release;
		};
		6B8528EB2129C4E900DCBD58 /* Build configuration list for PBXNativeTarget "ShapeQRCode iOS" */ = {
			isa = XCConfigurationList;
			buildConfigurations = (
				6B8528EC2129C4E900DCBD58 /* Debug */,
				6B8528ED2129C4E900DCBD58 /* Release */,
			);
			defaultConfigurationIsVisible = 0;
			defaultConfigurationName = Release;
		};
		6B8528EF2129C4E900DCBD58 /* Build configuration list for PBXNativeTarget "ShapeQRCode iOSTests" */ = {
			isa = XCConfigurationList;
			buildConfigurations = (
				6B8528F02129C4E900DCBD58 /* Debug */,
				6B8528F12129C4E900DCBD58 /* Release */,
			);
			defaultConfigurationIsVisible = 0;
			defaultConfigurationName = Release;
		};
/* End XCConfigurationList section */
	};
	rootObject = 6B85288B2129BBA400DCBD58 /* Project object */;
}
